PODS:
  - GTMBase64 (1.0.0)
  - SSKeychain (1.4.0)

DEPENDENCIES:
  - GTMBase64 (~> 1.0.0)
  - SSKeychain (~> 1.4.0)

SPEC CHECKSUMS:
  GTMBase64: 0da7372e95f5171f3f652db38cde6716f8eb5e24
  SSKeychain: c71293fa57216a40ab06c23f4085387583293de4

PODFILE CHECKSUM: 093c0f146b709f7055d5368598617c47f7454088

COCOAPODS: 1.0.0.beta.8
